
Microsoft Visual Studio Solution File, Format Version 12.00
# Visual Studio Version 17
VisualStudioVersion = 17.0.31903.59
MinimumVisualStudioVersion = 10.0.40219.1
Project("{2150E333-8FDC-42A3-9474-1A3956D46DE8}") = "src", "src", "{02EA681E-C7D8-13C7-8484-4AC65E1B71E8}"
EndProject
Project("{2150E333-8FDC-42A3-9474-1A3956D46DE8}") = "Core", "Core", "{57BB8A62-B366-4305-9B33-887C1653EB19}"
EndProject
Project("{2150E333-8FDC-42A3-9474-1A3956D46DE8}") = "Infrastructure", "Infrastructure", "{1BBAEAEE-053B-4BF9-A72F-7252298A35AD}"
EndProject
Project("{2150E333-8FDC-42A3-9474-1A3956D46DE8}") = "Presentation", "Presentation", "{A03FEF29-7DD1-4B0C-BAE6-66E6741BC93B}"
EndProject
Project("{FAE04EC0-301F-11D3-BF4B-00C04F79EFBC}") = "CleanArchitecture.Domain", "src\Core\CleanArchitecture.Domain\CleanArchitecture.Domain.csproj", "{EDA33395-1645-4AD6-97C9-9100367BBD1C}"
EndProject
Project("{FAE04EC0-301F-11D3-BF4B-00C04F79EFBC}") = "CleanArchitecture.Infrastructure.Persistence", "src\Infrastructure\CleanArchitecture.Infrastructure.Persistence\CleanArchitecture.Infrastructure.Persistence.csproj", "{0942AC56-5243-471B-8A46-85F85E1FA00D}"
EndProject
Project("{FAE04EC0-301F-11D3-BF4B-00C04F79EFBC}") = "CleanArchitecture.Application", "src\Core\CleanArchitecture.Application\CleanArchitecture.Application.csproj", "{ABB0A115-DF8B-49AC-8F7F-86D329BC13A8}"
EndProject
Project("{FAE04EC0-301F-11D3-BF4B-00C04F79EFBC}") = "CleanArchitecture.Infrastructure", "Infrastructure\CleanArchitecture.Infrastructure\CleanArchitecture.Infrastructure.csproj", "{EADC8E3A-9052-4A95-83B3-B36FA39ECD05}"
EndProject
Global
	GlobalSection(SolutionConfigurationPlatforms) = preSolution
		Debug|Any CPU = Debug|Any CPU
		Release|Any CPU = Release|Any CPU
	EndGlobalSection
	GlobalSection(ProjectConfigurationPlatforms) = postSolution
		{EDA33395-1645-4AD6-97C9-9100367BBD1C}.Debug|Any CPU.ActiveCfg = Debug|Any CPU
		{EDA33395-1645-4AD6-97C9-9100367BBD1C}.Debug|Any CPU.Build.0 = Debug|Any CPU
		{EDA33395-1645-4AD6-97C9-9100367BBD1C}.Release|Any CPU.ActiveCfg = Release|Any CPU
		{EDA33395-1645-4AD6-97C9-9100367BBD1C}.Release|Any CPU.Build.0 = Release|Any CPU
		{0942AC56-5243-471B-8A46-85F85E1FA00D}.Debug|Any CPU.ActiveCfg = Debug|Any CPU
		{0942AC56-5243-471B-8A46-85F85E1FA00D}.Debug|Any CPU.Build.0 = Debug|Any CPU
		{0942AC56-5243-471B-8A46-85F85E1FA00D}.Release|Any CPU.ActiveCfg = Release|Any CPU
		{0942AC56-5243-471B-8A46-85F85E1FA00D}.Release|Any CPU.Build.0 = Release|Any CPU
		{ABB0A115-DF8B-49AC-8F7F-86D329BC13A8}.Debug|Any CPU.ActiveCfg = Debug|Any CPU
		{ABB0A115-DF8B-49AC-8F7F-86D329BC13A8}.Debug|Any CPU.Build.0 = Debug|Any CPU
		{ABB0A115-DF8B-49AC-8F7F-86D329BC13A8}.Release|Any CPU.ActiveCfg = Release|Any CPU
		{ABB0A115-DF8B-49AC-8F7F-86D329BC13A8}.Release|Any CPU.Build.0 = Release|Any CPU
		{EADC8E3A-9052-4A95-83B3-B36FA39ECD05}.Debug|Any CPU.ActiveCfg = Debug|Any CPU
		{EADC8E3A-9052-4A95-83B3-B36FA39ECD05}.Debug|Any CPU.Build.0 = Debug|Any CPU
		{EADC8E3A-9052-4A95-83B3-B36FA39ECD05}.Release|Any CPU.ActiveCfg = Release|Any CPU
		{EADC8E3A-9052-4A95-83B3-B36FA39ECD05}.Release|Any CPU.Build.0 = Release|Any CPU
	EndGlobalSection
	GlobalSection(SolutionProperties) = preSolution
		HideSolutionNode = FALSE
	EndGlobalSection
	GlobalSection(NestedProjects) = preSolution
		{57BB8A62-B366-4305-9B33-887C1653EB19} = {02EA681E-C7D8-13C7-8484-4AC65E1B71E8}
		{1BBAEAEE-053B-4BF9-A72F-7252298A35AD} = {02EA681E-C7D8-13C7-8484-4AC65E1B71E8}
		{A03FEF29-7DD1-4B0C-BAE6-66E6741BC93B} = {02EA681E-C7D8-13C7-8484-4AC65E1B71E8}
		{EDA33395-1645-4AD6-97C9-9100367BBD1C} = {57BB8A62-B366-4305-9B33-887C1653EB19}
		{0942AC56-5243-471B-8A46-85F85E1FA00D} = {1BBAEAEE-053B-4BF9-A72F-7252298A35AD}
		{ABB0A115-DF8B-49AC-8F7F-86D329BC13A8} = {57BB8A62-B366-4305-9B33-887C1653EB19}
		{EADC8E3A-9052-4A95-83B3-B36FA39ECD05} = {1BBAEAEE-053B-4BF9-A72F-7252298A35AD}
	EndGlobalSection
	GlobalSection(ExtensibilityGlobals) = postSolution
		SolutionGuid = {E61A4E35-2B61-4307-BE6B-5EB4AD91A2E4}
	EndGlobalSection
EndGlobal
